<?xml version="1.0" encoding="utf-8"?>
<Project ToolsVersion="17.0" xmlns="http://schemas.microsoft.com/developer/msbuild/2003">
  <ItemGroup>
    <CustomBuild Include="C:\Users\Kir\Desktop\Netology Homeworks\Homework6.2\CMakeFiles\a5517430832ebce09b3c950fd279fafc\generate.stamp.rule">
      <Filter>CMake Rules</Filter>
    </CustomBuild>
  </ItemGroup>
  <ItemGroup>
    <Filter Include="CMake Rules">
      <UniqueIdentifier>{618F3748-A783-3B45-A956-1C77BF76568A}</UniqueIdentifier>
    </Filter>
  </ItemGroup>
</Project>
